
Microsoft Visual Studio Solution File, Format Version 12.00
# Visual Studio 15
VisualStudioVersion = 15.0.26124.0
MinimumVisualStudioVersion = 15.0.26124.0
Project("{FAE04EC0-301F-11D3-BF4B-00C04F79EFBC}") = "ApexRestaurant.Repository", "ApexRestaurant.Repository\ApexRestaurant.Repository.csproj", "{AA91D6CA-328B-4B8D-9CB7-8B29DCAD3A03}"
EndProject
Project("{FAE04EC0-301F-11D3-BF4B-00C04F79EFBC}") = "ApexRestaurant.Services", "ApexRestaurant.Services\ApexRestaurant.Services.csproj", "{F6F3F265-5A7E-4572-924F-22927BCF8973}"
EndProject
Project("{FAE04EC0-301F-11D3-BF4B-00C04F79EFBC}") = "ApexRestaurant.Api", "ApexRestaurant.Api\ApexRestaurant.Api.csproj", "{0CBF79E3-EFBF-43D2-ADCC-B31599D07F76}"
EndProject
Project("{FAE04EC0-301F-11D3-BF4B-00C04F79EFBC}") = "ApexRestaurant.Mvc", "ApexRestaurant.Mvc\ApexRestaurant.Mvc.csproj", "{42E6B7A9-C21E-4404-B9E5-A26CF0E0945F}"
EndProject
Global
	GlobalSection(SolutionConfigurationPlatforms) = preSolution
		Debug|Any CPU = Debug|Any CPU
		Debug|x64 = Debug|x64
		Debug|x86 = Debug|x86
		Release|Any CPU = Release|Any CPU
		Release|x64 = Release|x64
		Release|x86 = Release|x86
	EndGlobalSection
	GlobalSection(SolutionProperties) = preSolution
		HideSolutionNode = FALSE
	EndGlobalSection
	GlobalSection(ProjectConfigurationPlatforms) = postSolution
		{AA91D6CA-328B-4B8D-9CB7-8B29DCAD3A03}.Debug|Any CPU.ActiveCfg = Debug|Any CPU
		{AA91D6CA-328B-4B8D-9CB7-8B29DCAD3A03}.Debug|Any CPU.Build.0 = Debug|Any CPU
		{AA91D6CA-328B-4B8D-9CB7-8B29DCAD3A03}.Debug|x64.ActiveCfg = Debug|Any CPU
		{AA91D6CA-328B-4B8D-9CB7-8B29DCAD3A03}.Debug|x64.Build.0 = Debug|Any CPU
		{AA91D6CA-328B-4B8D-9CB7-8B29DCAD3A03}.Debug|x86.ActiveCfg = Debug|Any CPU
		{AA91D6CA-328B-4B8D-9CB7-8B29DCAD3A03}.Debug|x86.Build.0 = Debug|Any CPU
		{AA91D6CA-328B-4B8D-9CB7-8B29DCAD3A03}.Release|Any CPU.ActiveCfg = Release|Any CPU
		{AA91D6CA-328B-4B8D-9CB7-8B29DCAD3A03}.Release|Any CPU.Build.0 = Release|Any CPU
		{AA91D6CA-328B-4B8D-9CB7-8B29DCAD3A03}.Release|x64.ActiveCfg = Release|Any CPU
		{AA91D6CA-328B-4B8D-9CB7-8B29DCAD3A03}.Release|x64.Build.0 = Release|Any CPU
		{AA91D6CA-328B-4B8D-9CB7-8B29DCAD3A03}.Release|x86.ActiveCfg = Release|Any CPU
		{AA91D6CA-328B-4B8D-9CB7-8B29DCAD3A03}.Release|x86.Build.0 = Release|Any CPU
		{F6F3F265-5A7E-4572-924F-22927BCF8973}.Debug|Any CPU.ActiveCfg = Debug|Any CPU
		{F6F3F265-5A7E-4572-924F-22927BCF8973}.Debug|Any CPU.Build.0 = Debug|Any CPU
		{F6F3F265-5A7E-4572-924F-22927BCF8973}.Debug|x64.ActiveCfg = Debug|Any CPU
		{F6F3F265-5A7E-4572-924F-22927BCF8973}.Debug|x64.Build.0 = Debug|Any CPU
		{F6F3F265-5A7E-4572-924F-22927BCF8973}.Debug|x86.ActiveCfg = Debug|Any CPU
		{F6F3F265-5A7E-4572-924F-22927BCF8973}.Debug|x86.Build.0 = Debug|Any CPU
		{F6F3F265-5A7E-4572-924F-22927BCF8973}.Release|Any CPU.ActiveCfg = Release|Any CPU
		{F6F3F265-5A7E-4572-924F-22927BCF8973}.Release|Any CPU.Build.0 = Release|Any CPU
		{F6F3F265-5A7E-4572-924F-22927BCF8973}.Release|x64.ActiveCfg = Release|Any CPU
		{F6F3F265-5A7E-4572-924F-22927BCF8973}.Release|x64.Build.0 = Release|Any CPU
		{F6F3F265-5A7E-4572-924F-22927BCF8973}.Release|x86.ActiveCfg = Release|Any CPU
		{F6F3F265-5A7E-4572-924F-22927BCF8973}.Release|x86.Build.0 = Release|Any CPU
		{0CBF79E3-EFBF-43D2-ADCC-B31599D07F76}.Debug|Any CPU.ActiveCfg = Debug|Any CPU
		{0CBF79E3-EFBF-43D2-ADCC-B31599D07F76}.Debug|Any CPU.Build.0 = Debug|Any CPU
		{0CBF79E3-EFBF-43D2-ADCC-B31599D07F76}.Debug|x64.ActiveCfg = Debug|Any CPU
		{0CBF79E3-EFBF-43D2-ADCC-B31599D07F76}.Debug|x64.Build.0 = Debug|Any CPU
		{0CBF79E3-EFBF-43D2-ADCC-B31599D07F76}.Debug|x86.ActiveCfg = Debug|Any CPU
		{0CBF79E3-EFBF-43D2-ADCC-B31599D07F76}.Debug|x86.Build.0 = Debug|Any CPU
		{0CBF79E3-EFBF-43D2-ADCC-B31599D07F76}.Release|Any CPU.ActiveCfg = Release|Any CPU
		{0CBF79E3-EFBF-43D2-ADCC-B31599D07F76}.Release|Any CPU.Build.0 = Release|Any CPU
		{0CBF79E3-EFBF-43D2-ADCC-B31599D07F76}.Release|x64.ActiveCfg = Release|Any CPU
		{0CBF79E3-EFBF-43D2-ADCC-B31599D07F76}.Release|x64.Build.0 = Release|Any CPU
		{0CBF79E3-EFBF-43D2-ADCC-B31599D07F76}.Release|x86.ActiveCfg = Release|Any CPU
		{0CBF79E3-EFBF-43D2-ADCC-B31599D07F76}.Release|x86.Build.0 = Release|Any CPU
		{42E6B7A9-C21E-4404-B9E5-A26CF0E0945F}.Debug|Any CPU.ActiveCfg = Debug|Any CPU
		{42E6B7A9-C21E-4404-B9E5-A26CF0E0945F}.Debug|Any CPU.Build.0 = Debug|Any CPU
		{42E6B7A9-C21E-4404-B9E5-A26CF0E0945F}.Debug|x64.ActiveCfg = Debug|Any CPU
		{42E6B7A9-C21E-4404-B9E5-A26CF0E0945F}.Debug|x64.Build.0 = Debug|Any CPU
		{42E6B7A9-C21E-4404-B9E5-A26CF0E0945F}.Debug|x86.ActiveCfg = Debug|Any CPU
		{42E6B7A9-C21E-4404-B9E5-A26CF0E0945F}.Debug|x86.Build.0 = Debug|Any CPU
		{42E6B7A9-C21E-4404-B9E5-A26CF0E0945F}.Release|Any CPU.ActiveCfg = Release|Any CPU
		{42E6B7A9-C21E-4404-B9E5-A26CF0E0945F}.Release|Any CPU.Build.0 = Release|Any CPU
		{42E6B7A9-C21E-4404-B9E5-A26CF0E0945F}.Release|x64.ActiveCfg = Release|Any CPU
		{42E6B7A9-C21E-4404-B9E5-A26CF0E0945F}.Release|x64.Build.0 = Release|Any CPU
		{42E6B7A9-C21E-4404-B9E5-A26CF0E0945F}.Release|x86.ActiveCfg = Release|Any CPU
		{42E6B7A9-C21E-4404-B9E5-A26CF0E0945F}.Release|x86.Build.0 = Release|Any CPU
	EndGlobalSection
EndGlobal
